
Microsoft Visual Studio Solution File, Format Version 12.00
# Visual Studio Version 16
VisualStudioVersion = 16.0.30104.148
MinimumVisualStudioVersion = 10.0.40219.1
Project("{8BC9CEB8-8B4A-11D0-8D11-00A0C91BC942}") = "AirgeadBankingApp", "AirgeadBankingApp.vcxproj", "{D7CA95AD-4CD0-4E40-8F8B-AD41AB185DEF}"
EndProject
Global
	GlobalSection(SolutionConfigurationPlatforms) = preSolution
		Debug|x64 = Debug|x64
		Debug|x86 = Debug|x86
		Release|x64 = Release|x64
		Release|x86 = Release|x86
	EndGlobalSection
	GlobalSection(ProjectConfigurationPlatforms) = postSolution
		{D7CA95AD-4CD0-4E40-8F8B-AD41AB185DEF}.Debug|x64.ActiveCfg = Debug|x64
		{D7CA95AD-4CD0-4E40-8F8B-AD41AB185DEF}.Debug|x64.Build.0 = Debug|x64
		{D7CA95AD-4CD0-4E40-8F8B-AD41AB185DEF}.Debug|x86.ActiveCfg = Debug|Win32
		{D7CA95AD-4CD0-4E40-8F8B-AD41AB185DEF}.Debug|x86.Build.0 = Debug|Win32
		{D7CA95AD-4CD0-4E40-8F8B-AD41AB185DEF}.Release|x64.ActiveCfg = Release|x64
		{D7CA95AD-4CD0-4E40-8F8B-AD41AB185DEF}.Release|x64.Build.0 = Release|x64
		{D7CA95AD-4CD0-4E40-8F8B-AD41AB185DEF}.Release|x86.ActiveCfg = Release|Win32
		{D7CA95AD-4CD0-4E40-8F8B-AD41AB185DEF}.Release|x86.Build.0 = Release|Win32
	EndGlobalSection
	GlobalSection(SolutionProperties) = preSolution
		HideSolutionNode = FALSE
	EndGlobalSection
	GlobalSection(ExtensibilityGlobals) = postSolution
		SolutionGuid = {B9A9E442-0514-45F4-8B3F-DEB8CF562515}
	EndGlobalSection
EndGlobal
